{
  "requires": true,
  "lockfileVersion": 1,
  "dependencies": {
    "mobx": {
      "version": "6.7.0",
      "resolved": "https://registry.npmjs.org/mobx/-/mobx-6.7.0.tgz",
      "integrity": "sha512-1kBLBdSNG2bA522HQdbsTvwAwYf9hq9FWxmlhX7wTsJUAI54907J+ozfGW+LoYUo06vjit748g6QH1AAGLNebw=="
    },
    "mobx-react": {
      "version": "7.6.0",
      "resolved": "https://registry.npmjs.org/mobx-react/-/mobx-react-7.6.0.tgz",
      "integrity": "sha512-+HQUNuh7AoQ9ZnU6c4rvbiVVl+wEkb9WqYsVDzGLng+Dqj1XntHu79PvEWKtSMoMj67vFp/ZPXcElosuJO8ckA==",
      "requires": {
        "mobx-react-lite": "^3.4.0"
      }
    },
    "mobx-react-lite": {
      "version": "3.4.0",
      "resolved": "https://registry.npmjs.org/mobx-react-lite/-/mobx-react-lite-3.4.0.tgz",
      "integrity": "sha512-bRuZp3C0itgLKHu/VNxi66DN/XVkQG7xtoBVWxpvC5FhAqbOCP21+nPhULjnzEqd7xBMybp6KwytdUpZKEgpIQ=="
    }
  }
}
